
Microsoft Visual Studio Solution File, Format Version 12.00
# Visual Studio Version 17
VisualStudioVersion = 17.3.32922.545
MinimumVisualStudioVersion = 10.0.40219.1
Project("{9A19103F-16F7-4668-BE54-9A1E7A4F7556}") = "Hello", "Hello\Hello.csproj", "{18A995A1-D7E7-4A50-836F-17D29ED2D812}"
EndProject
Project("{9A19103F-16F7-4668-BE54-9A1E7A4F7556}") = "DistrictAndArea", "DistrictAndArea\DistrictAndArea.csproj", "{7074AB57-9DD0-4298-8477-AC5F454D517E}"
EndProject
Project("{9A19103F-16F7-4668-BE54-9A1E7A4F7556}") = "Triangle", "Triangle\Triangle.csproj", "{FEBA7143-F70E-44DC-8069-E322C23A31D5}"
EndProject
Project("{9A19103F-16F7-4668-BE54-9A1E7A4F7556}") = "BinaryNumberSystem", "BinaryNumberSystem\BinaryNumberSystem.csproj", "{7F220DD1-56FC-41FB-9B2E-721D8BD1A20E}"
EndProject
Project("{9A19103F-16F7-4668-BE54-9A1E7A4F7556}") = "ConditionalStatement", "ConditionalStatement\ConditionalStatement.csproj", "{60CC8BCC-0FAB-4707-A46F-420F0641A8EC}"
EndProject
Project("{9A19103F-16F7-4668-BE54-9A1E7A4F7556}") = "SimpleMenu", "SimpleMenu\SimpleMenu.csproj", "{45BA9F72-EF82-4EC9-9AF6-3679A18AD492}"
EndProject
Project("{9A19103F-16F7-4668-BE54-9A1E7A4F7556}") = "GeneralCycle", "GeneralCycle\GeneralCycle.csproj", "{E905D30F-10C1-4CDB-BFA8-D0ACBE197572}"
EndProject
Project("{9A19103F-16F7-4668-BE54-9A1E7A4F7556}") = "CounterCycle", "CounterCycle\CounterCycle.csproj", "{7FD6310A-289D-47D5-8BA4-AA918EBC8AAD}"
EndProject
Project("{9A19103F-16F7-4668-BE54-9A1E7A4F7556}") = "NumberGuessing", "NumberGuessing\NumberGuessing.csproj", "{1ACC5464-EF46-4CEB-AAED-D8DA11B9B6F9}"
EndProject
Project("{9A19103F-16F7-4668-BE54-9A1E7A4F7556}") = "MathAverage", "MathAverage\MathAverage.csproj", "{80B35B01-9483-4B29-ACBD-CFD6357D91D6}"
EndProject
Project("{9A19103F-16F7-4668-BE54-9A1E7A4F7556}") = "Lottery", "Lottery\Lottery.csproj", "{D3CB4010-7DD3-4D28-A9DB-6906A257BC65}"
EndProject
Project("{9A19103F-16F7-4668-BE54-9A1E7A4F7556}") = "AverageDiscrepancy", "AverageDiscrepancy\AverageDiscrepancy.csproj", "{55F10C89-273F-4F60-9469-3D1DDD5AA168}"
EndProject
Project("{9A19103F-16F7-4668-BE54-9A1E7A4F7556}") = "Scope", "Scope\Scope.csproj", "{5CDC31FF-807B-4440-BB78-2556007F6257}"
EndProject
Project("{9A19103F-16F7-4668-BE54-9A1E7A4F7556}") = "BasicArrays", "BasicArrays\BasicArrays.csproj", "{4BCFB969-8C93-4B21-9997-D389392D5131}"
EndProject
Project("{9A19103F-16F7-4668-BE54-9A1E7A4F7556}") = "AverageOfAverage", "AverageOfAverage\AverageOfAverage.csproj", "{5CE857CF-55D6-4809-A9B8-22B2353955D8}"
EndProject
Project("{9A19103F-16F7-4668-BE54-9A1E7A4F7556}") = "ProgrammingThesisAdvanced", "ProgrammingThesisAdvanced\ProgrammingThesisAdvanced.csproj", "{A8CB2309-F35F-4E6E-AA51-B78C013CDE04}"
EndProject
Project("{9A19103F-16F7-4668-BE54-9A1E7A4F7556}") = "ProgrammingThesisBasic", "ProgrammingThesisBasic\ProgrammingThesisBasic.csproj", "{957F9B7B-5A9F-47E3-925F-CAB1C3851E09}"
EndProject
Project("{9A19103F-16F7-4668-BE54-9A1E7A4F7556}") = "BenfordsLaw", "BenfordsLaw\BenfordsLaw.csproj", "{F646D2FA-12A2-43ED-8CDD-8EE94030043B}"
EndProject
Project("{9A19103F-16F7-4668-BE54-9A1E7A4F7556}") = "MethodDemo", "MethodDemo\MethodDemo.csproj", "{79971110-C693-49C8-ADCF-53DD42D5235D}"
EndProject
Project("{9A19103F-16F7-4668-BE54-9A1E7A4F7556}") = "SearchAndSort", "SearchAndSort\SearchAndSort.csproj", "{6CFF620D-FABD-47E5-BB62-6A0DC412FDA4}"
EndProject
Project("{9A19103F-16F7-4668-BE54-9A1E7A4F7556}") = "GameBasics", "GameBasics\GameBasics.csproj", "{91C3DB9D-B4DA-435A-AF2E-D0972859A807}"
EndProject
Global
	GlobalSection(SolutionConfigurationPlatforms) = preSolution
		Debug|Any CPU = Debug|Any CPU
		Release|Any CPU = Release|Any CPU
	EndGlobalSection
	GlobalSection(ProjectConfigurationPlatforms) = postSolution
		{18A995A1-D7E7-4A50-836F-17D29ED2D812}.Debug|Any CPU.ActiveCfg = Debug|Any CPU
		{18A995A1-D7E7-4A50-836F-17D29ED2D812}.Debug|Any CPU.Build.0 = Debug|Any CPU
		{18A995A1-D7E7-4A50-836F-17D29ED2D812}.Release|Any CPU.ActiveCfg = Release|Any CPU
		{18A995A1-D7E7-4A50-836F-17D29ED2D812}.Release|Any CPU.Build.0 = Release|Any CPU
		{7074AB57-9DD0-4298-8477-AC5F454D517E}.Debug|Any CPU.ActiveCfg = Debug|Any CPU
		{7074AB57-9DD0-4298-8477-AC5F454D517E}.Debug|Any CPU.Build.0 = Debug|Any CPU
		{7074AB57-9DD0-4298-8477-AC5F454D517E}.Release|Any CPU.ActiveCfg = Release|Any CPU
		{7074AB57-9DD0-4298-8477-AC5F454D517E}.Release|Any CPU.Build.0 = Release|Any CPU
		{FEBA7143-F70E-44DC-8069-E322C23A31D5}.Debug|Any CPU.ActiveCfg = Debug|Any CPU
		{FEBA7143-F70E-44DC-8069-E322C23A31D5}.Debug|Any CPU.Build.0 = Debug|Any CPU
		{FEBA7143-F70E-44DC-8069-E322C23A31D5}.Release|Any CPU.ActiveCfg = Release|Any CPU
		{FEBA7143-F70E-44DC-8069-E322C23A31D5}.Release|Any CPU.Build.0 = Release|Any CPU
		{7F220DD1-56FC-41FB-9B2E-721D8BD1A20E}.Debug|Any CPU.ActiveCfg = Debug|Any CPU
		{7F220DD1-56FC-41FB-9B2E-721D8BD1A20E}.Debug|Any CPU.Build.0 = Debug|Any CPU
		{7F220DD1-56FC-41FB-9B2E-721D8BD1A20E}.Release|Any CPU.ActiveCfg = Release|Any CPU
		{7F220DD1-56FC-41FB-9B2E-721D8BD1A20E}.Release|Any CPU.Build.0 = Release|Any CPU
		{60CC8BCC-0FAB-4707-A46F-420F0641A8EC}.Debug|Any CPU.ActiveCfg = Debug|Any CPU
		{60CC8BCC-0FAB-4707-A46F-420F0641A8EC}.Debug|Any CPU.Build.0 = Debug|Any CPU
		{60CC8BCC-0FAB-4707-A46F-420F0641A8EC}.Release|Any CPU.ActiveCfg = Release|Any CPU
		{60CC8BCC-0FAB-4707-A46F-420F0641A8EC}.Release|Any CPU.Build.0 = Release|Any CPU
		{45BA9F72-EF82-4EC9-9AF6-3679A18AD492}.Debug|Any CPU.ActiveCfg = Debug|Any CPU
		{45BA9F72-EF82-4EC9-9AF6-3679A18AD492}.Debug|Any CPU.Build.0 = Debug|Any CPU
		{45BA9F72-EF82-4EC9-9AF6-3679A18AD492}.Release|Any CPU.ActiveCfg = Release|Any CPU
		{45BA9F72-EF82-4EC9-9AF6-3679A18AD492}.Release|Any CPU.Build.0 = Release|Any CPU
		{E905D30F-10C1-4CDB-BFA8-D0ACBE197572}.Debug|Any CPU.ActiveCfg = Debug|Any CPU
		{E905D30F-10C1-4CDB-BFA8-D0ACBE197572}.Debug|Any CPU.Build.0 = Debug|Any CPU
		{E905D30F-10C1-4CDB-BFA8-D0ACBE197572}.Release|Any CPU.ActiveCfg = Release|Any CPU
		{E905D30F-10C1-4CDB-BFA8-D0ACBE197572}.Release|Any CPU.Build.0 = Release|Any CPU
		{7FD6310A-289D-47D5-8BA4-AA918EBC8AAD}.Debug|Any CPU.ActiveCfg = Debug|Any CPU
		{7FD6310A-289D-47D5-8BA4-AA918EBC8AAD}.Debug|Any CPU.Build.0 = Debug|Any CPU
		{7FD6310A-289D-47D5-8BA4-AA918EBC8AAD}.Release|Any CPU.ActiveCfg = Release|Any CPU
		{7FD6310A-289D-47D5-8BA4-AA918EBC8AAD}.Release|Any CPU.Build.0 = Release|Any CPU
		{1ACC5464-EF46-4CEB-AAED-D8DA11B9B6F9}.Debug|Any CPU.ActiveCfg = Debug|Any CPU
		{1ACC5464-EF46-4CEB-AAED-D8DA11B9B6F9}.Debug|Any CPU.Build.0 = Debug|Any CPU
		{1ACC5464-EF46-4CEB-AAED-D8DA11B9B6F9}.Release|Any CPU.ActiveCfg = Release|Any CPU
		{1ACC5464-EF46-4CEB-AAED-D8DA11B9B6F9}.Release|Any CPU.Build.0 = Release|Any CPU
		{80B35B01-9483-4B29-ACBD-CFD6357D91D6}.Debug|Any CPU.ActiveCfg = Debug|Any CPU
		{80B35B01-9483-4B29-ACBD-CFD6357D91D6}.Debug|Any CPU.Build.0 = Debug|Any CPU
		{80B35B01-9483-4B29-ACBD-CFD6357D91D6}.Release|Any CPU.ActiveCfg = Release|Any CPU
		{80B35B01-9483-4B29-ACBD-CFD6357D91D6}.Release|Any CPU.Build.0 = Release|Any CPU
		{D3CB4010-7DD3-4D28-A9DB-6906A257BC65}.Debug|Any CPU.ActiveCfg = Debug|Any CPU
		{D3CB4010-7DD3-4D28-A9DB-6906A257BC65}.Debug|Any CPU.Build.0 = Debug|Any CPU
		{D3CB4010-7DD3-4D28-A9DB-6906A257BC65}.Release|Any CPU.ActiveCfg = Release|Any CPU
		{D3CB4010-7DD3-4D28-A9DB-6906A257BC65}.Release|Any CPU.Build.0 = Release|Any CPU
		{55F10C89-273F-4F60-9469-3D1DDD5AA168}.Debug|Any CPU.ActiveCfg = Debug|Any CPU
		{55F10C89-273F-4F60-9469-3D1DDD5AA168}.Debug|Any CPU.Build.0 = Debug|Any CPU
		{55F10C89-273F-4F60-9469-3D1DDD5AA168}.Release|Any CPU.ActiveCfg = Release|Any CPU
		{55F10C89-273F-4F60-9469-3D1DDD5AA168}.Release|Any CPU.Build.0 = Release|Any CPU
		{5CDC31FF-807B-4440-BB78-2556007F6257}.Debug|Any CPU.ActiveCfg = Debug|Any CPU
		{5CDC31FF-807B-4440-BB78-2556007F6257}.Debug|Any CPU.Build.0 = Debug|Any CPU
		{5CDC31FF-807B-4440-BB78-2556007F6257}.Release|Any CPU.ActiveCfg = Release|Any CPU
		{5CDC31FF-807B-4440-BB78-2556007F6257}.Release|Any CPU.Build.0 = Release|Any CPU
		{4BCFB969-8C93-4B21-9997-D389392D5131}.Debug|Any CPU.ActiveCfg = Debug|Any CPU
		{4BCFB969-8C93-4B21-9997-D389392D5131}.Debug|Any CPU.Build.0 = Debug|Any CPU
		{4BCFB969-8C93-4B21-9997-D389392D5131}.Release|Any CPU.ActiveCfg = Release|Any CPU
		{4BCFB969-8C93-4B21-9997-D389392D5131}.Release|Any CPU.Build.0 = Release|Any CPU
		{5CE857CF-55D6-4809-A9B8-22B2353955D8}.Debug|Any CPU.ActiveCfg = Debug|Any CPU
		{5CE857CF-55D6-4809-A9B8-22B2353955D8}.Debug|Any CPU.Build.0 = Debug|Any CPU
		{5CE857CF-55D6-4809-A9B8-22B2353955D8}.Release|Any CPU.ActiveCfg = Release|Any CPU
		{5CE857CF-55D6-4809-A9B8-22B2353955D8}.Release|Any CPU.Build.0 = Release|Any CPU
		{A8CB2309-F35F-4E6E-AA51-B78C013CDE04}.Debug|Any CPU.ActiveCfg = Debug|Any CPU
		{A8CB2309-F35F-4E6E-AA51-B78C013CDE04}.Debug|Any CPU.Build.0 = Debug|Any CPU
		{A8CB2309-F35F-4E6E-AA51-B78C013CDE04}.Release|Any CPU.ActiveCfg = Release|Any CPU
		{A8CB2309-F35F-4E6E-AA51-B78C013CDE04}.Release|Any CPU.Build.0 = Release|Any CPU
		{957F9B7B-5A9F-47E3-925F-CAB1C3851E09}.Debug|Any CPU.ActiveCfg = Debug|Any CPU
		{957F9B7B-5A9F-47E3-925F-CAB1C3851E09}.Debug|Any CPU.Build.0 = Debug|Any CPU
		{957F9B7B-5A9F-47E3-925F-CAB1C3851E09}.Release|Any CPU.ActiveCfg = Release|Any CPU
		{957F9B7B-5A9F-47E3-925F-CAB1C3851E09}.Release|Any CPU.Build.0 = Release|Any CPU
		{F646D2FA-12A2-43ED-8CDD-8EE94030043B}.Debug|Any CPU.ActiveCfg = Debug|Any CPU
		{F646D2FA-12A2-43ED-8CDD-8EE94030043B}.Debug|Any CPU.Build.0 = Debug|Any CPU
		{F646D2FA-12A2-43ED-8CDD-8EE94030043B}.Release|Any CPU.ActiveCfg = Release|Any CPU
		{F646D2FA-12A2-43ED-8CDD-8EE94030043B}.Release|Any CPU.Build.0 = Release|Any CPU
		{79971110-C693-49C8-ADCF-53DD42D5235D}.Debug|Any CPU.ActiveCfg = Debug|Any CPU
		{79971110-C693-49C8-ADCF-53DD42D5235D}.Debug|Any CPU.Build.0 = Debug|Any CPU
		{79971110-C693-49C8-ADCF-53DD42D5235D}.Release|Any CPU.ActiveCfg = Release|Any CPU
		{79971110-C693-49C8-ADCF-53DD42D5235D}.Release|Any CPU.Build.0 = Release|Any CPU
		{6CFF620D-FABD-47E5-BB62-6A0DC412FDA4}.Debug|Any CPU.ActiveCfg = Debug|Any CPU
		{6CFF620D-FABD-47E5-BB62-6A0DC412FDA4}.Debug|Any CPU.Build.0 = Debug|Any CPU
		{6CFF620D-FABD-47E5-BB62-6A0DC412FDA4}.Release|Any CPU.ActiveCfg = Release|Any CPU
		{6CFF620D-FABD-47E5-BB62-6A0DC412FDA4}.Release|Any CPU.Build.0 = Release|Any CPU
		{91C3DB9D-B4DA-435A-AF2E-D0972859A807}.Debug|Any CPU.ActiveCfg = Debug|Any CPU
		{91C3DB9D-B4DA-435A-AF2E-D0972859A807}.Debug|Any CPU.Build.0 = Debug|Any CPU
		{91C3DB9D-B4DA-435A-AF2E-D0972859A807}.Release|Any CPU.ActiveCfg = Release|Any CPU
		{91C3DB9D-B4DA-435A-AF2E-D0972859A807}.Release|Any CPU.Build.0 = Release|Any CPU
	EndGlobalSection
	GlobalSection(SolutionProperties) = preSolution
		HideSolutionNode = FALSE
	EndGlobalSection
	GlobalSection(ExtensibilityGlobals) = postSolution
		SolutionGuid = {41555BE8-D05F-45F6-B902-C7CC97A35EA9}
	EndGlobalSection
EndGlobal
